// !$*UTF8*$!
{
	archiveVersion = 1;
	classes = {
	};
	objectVersion = 56;
	objects = {

/* Begin PBXBuildFile section */
		9E699DD72C3C9D1400E839DF /* ApptizersApp.swift in Sources */ = {isa = PBXBuildFile; fileRef = 9E699DD62C3C9D1400E839DF /* ApptizersApp.swift */; };
		9E699DD92C3C9D1400E839DF /* ApptizerTabView.swift in Sources */ = {isa = PBXBuildFile; fileRef = 9E699DD82C3C9D1400E839DF /* ApptizerTabView.swift */; };
		9E699DDB2C3C9D1500E839DF /* Assets.xcassets in Resources */ = {isa = PBXBuildFile; fileRef = 9E699DDA2C3C9D1500E839DF /* Assets.xcassets */; };
		9E699DDE2C3C9D1500E839DF /* Preview Assets.xcassets in Resources */ = {isa = PBXBuildFile; fileRef = 9E699DDD2C3C9D1500E839DF /* Preview Assets.xcassets */; };
		9E699DE52C3C9D8500E839DF /* ApptizerListView.swift in Sources */ = {isa = PBXBuildFile; fileRef = 9E699DE42C3C9D8500E839DF /* ApptizerListView.swift */; };
		9E699DE72C3C9D9800E839DF /* AccountView.swift in Sources */ = {isa = PBXBuildFile; fileRef = 9E699DE62C3C9D9800E839DF /* AccountView.swift */; };
		9E699DE92C3C9DA300E839DF /* OrderView.swift in Sources */ = {isa = PBXBuildFile; fileRef = 9E699DE82C3C9DA300E839DF /* OrderView.swift */; };
		9E699DEB2C3CA71100E839DF /* Apptizer.swift in Sources */ = {isa = PBXBuildFile; fileRef = 9E699DEA2C3CA71100E839DF /* Apptizer.swift */; };
		9E699DED2C3CC35400E839DF /* ApptizerListItemView.swift in Sources */ = {isa = PBXBuildFile; fileRef = 9E699DEC2C3CC35400E839DF /* ApptizerListItemView.swift */; };
		9E699DEF2C3CC5AB00E839DF /* NetworkManager.swift in Sources */ = {isa = PBXBuildFile; fileRef = 9E699DEE2C3CC5AB00E839DF /* NetworkManager.swift */; };
		9E699DF12C3CC6C700E839DF /* APError.swift in Sources */ = {isa = PBXBuildFile; fileRef = 9E699DF02C3CC6C700E839DF /* APError.swift */; };
		9E699DF32C3CCFBF00E839DF /* ApptizerListViewModel.swift in Sources */ = {isa = PBXBuildFile; fileRef = 9E699DF22C3CCFBF00E839DF /* ApptizerListViewModel.swift */; };
		9E699DF52C3CD2C700E839DF /* Alert.swift in Sources */ = {isa = PBXBuildFile; fileRef = 9E699DF42C3CD2C700E839DF /* Alert.swift */; };
		9E699DF72C3CD8F400E839DF /* LoadingView.swift in Sources */ = {isa = PBXBuildFile; fileRef = 9E699DF62C3CD8F400E839DF /* LoadingView.swift */; };
		9E699E032C3CE0C700E839DF /* ApptizerDetailView.swift in Sources */ = {isa = PBXBuildFile; fileRef = 9E699E022C3CE0C700E839DF /* ApptizerDetailView.swift */; };
		9E699E052C3CF02700E839DF /* AccountViewModel.swift in Sources */ = {isa = PBXBuildFile; fileRef = 9E699E042C3CF02700E839DF /* AccountViewModel.swift */; };
		9E699E082C3CF1A300E839DF /* String+Ext.swift in Sources */ = {isa = PBXBuildFile; fileRef = 9E699E072C3CF1A300E839DF /* String+Ext.swift */; };
		9E699E0A2C3CF4FB00E839DF /* User.swift in Sources */ = {isa = PBXBuildFile; fileRef = 9E699E092C3CF4FB00E839DF /* User.swift */; };
		9E699E0C2C3CFEE800E839DF /* EmptyState.swift in Sources */ = {isa = PBXBuildFile; fileRef = 9E699E0B2C3CFEE800E839DF /* EmptyState.swift */; };
		9E699E0E2C3D019600E839DF /* Order.swift in Sources */ = {isa = PBXBuildFile; fileRef = 9E699E0D2C3D019600E839DF /* Order.swift */; };
/* End PBXBuildFile section */

/* Begin PBXFileReference section */
		9E699DD32C3C9D1400E839DF /* Apptizers.app */ = {isa = PBXFileReference; explicitFileType = wrapper.application; includeInIndex = 0; path = Apptizers.app; sourceTree = BUILT_PRODUCTS_DIR; };
		9E699DD62C3C9D1400E839DF /* ApptizersApp.swift */ = {isa = PBXFileReference; lastKnownFileType = sourcecode.swift; path = ApptizersApp.swift; sourceTree = "<group>"; };
		9E699DD82C3C9D1400E839DF /* ApptizerTabView.swift */ = {isa = PBXFileReference; lastKnownFileType = sourcecode.swift; path = ApptizerTabView.swift; sourceTree = "<group>"; };
		9E699DDA2C3C9D1500E839DF /* Assets.xcassets */ = {isa = PBXFileReference; lastKnownFileType = folder.assetcatalog; path = Assets.xcassets; sourceTree = "<group>"; };
		9E699DDD2C3C9D1500E839DF /* Preview Assets.xcassets */ = {isa = PBXFileReference; lastKnownFileType = folder.assetcatalog; path = "Preview Assets.xcassets"; sourceTree = "<group>"; };
		9E699DE42C3C9D8500E839DF /* ApptizerListView.swift */ = {isa = PBXFileReference; lastKnownFileType = sourcecode.swift; path = ApptizerListView.swift; sourceTree = "<group>"; };
		9E699DE62C3C9D9800E839DF /* AccountView.swift */ = {isa = PBXFileReference; lastKnownFileType = sourcecode.swift; path = AccountView.swift; sourceTree = "<group>"; };
		9E699DE82C3C9DA300E839DF /* OrderView.swift */ = {isa = PBXFileReference; lastKnownFileType = sourcecode.swift; path = OrderView.swift; sourceTree = "<group>"; };
		9E699DEA2C3CA71100E839DF /* Apptizer.swift */ = {isa = PBXFileReference; lastKnownFileType = sourcecode.swift; path = Apptizer.swift; sourceTree = "<group>"; };
		9E699DEC2C3CC35400E839DF /* ApptizerListItemView.swift */ = {isa = PBXFileReference; lastKnownFileType = sourcecode.swift; path = ApptizerListItemView.swift; sourceTree = "<group>"; };
		9E699DEE2C3CC5AB00E839DF /* NetworkManager.swift */ = {isa = PBXFileReference; lastKnownFileType = sourcecode.swift; path = NetworkManager.swift; sourceTree = "<group>"; };
		9E699DF02C3CC6C700E839DF /* APError.swift */ = {isa = PBXFileReference; lastKnownFileType = sourcecode.swift; path = APError.swift; sourceTree = "<group>"; };
		9E699DF22C3CCFBF00E839DF /* ApptizerListViewModel.swift */ = {isa = PBXFileReference; lastKnownFileType = sourcecode.swift; path = ApptizerListViewModel.swift; sourceTree = "<group>"; };
		9E699DF42C3CD2C700E839DF /* Alert.swift */ = {isa = PBXFileReference; lastKnownFileType = sourcecode.swift; path = Alert.swift; sourceTree = "<group>"; };
		9E699DF62C3CD8F400E839DF /* LoadingView.swift */ = {isa = PBXFileReference; lastKnownFileType = sourcecode.swift; path = LoadingView.swift; sourceTree = "<group>"; };
		9E699E022C3CE0C700E839DF /* ApptizerDetailView.swift */ = {isa = PBXFileReference; lastKnownFileType = sourcecode.swift; path = ApptizerDetailView.swift; sourceTree = "<group>"; };
		9E699E042C3CF02700E839DF /* AccountViewModel.swift */ = {isa = PBXFileReference; lastKnownFileType = sourcecode.swift; path = AccountViewModel.swift; sourceTree = "<group>"; };
		9E699E072C3CF1A300E839DF /* String+Ext.swift */ = {isa = PBXFileReference; lastKnownFileType = sourcecode.swift; path = "String+Ext.swift"; sourceTree = "<group>"; };
		9E699E092C3CF4FB00E839DF /* User.swift */ = {isa = PBXFileReference; lastKnownFileType = sourcecode.swift; path = User.swift; sourceTree = "<group>"; };
		9E699E0B2C3CFEE800E839DF /* EmptyState.swift */ = {isa = PBXFileReference; lastKnownFileType = sourcecode.swift; path = EmptyState.swift; sourceTree = "<group>"; };
		9E699E0D2C3D019600E839DF /* Order.swift */ = {isa = PBXFileReference; lastKnownFileType = sourcecode.swift; path = Order.swift; sourceTree = "<group>"; };
/* End PBXFileReference section */

/* Begin PBXFrameworksBuildPhase section */
		9E699DD02C3C9D1400E839DF /* Frameworks */ = {
			isa = PBXFrameworksBuildPhase;
			buildActionMask = 2147483647;
			files = (
			);
			runOnlyForDeploymentPostprocessing = 0;
		};
/* End PBXFrameworksBuildPhase section */

/* Begin PBXGroup section */
		9E699DCA2C3C9D1400E839DF = {
			isa = PBXGroup;
			children = (
				9E699DD52C3C9D1400E839DF /* Apptizers */,
				9E699DD42C3C9D1400E839DF /* Products */,
			);
			sourceTree = "<group>";
		};
		9E699DD42C3C9D1400E839DF /* Products */ = {
			isa = PBXGroup;
			children = (
				9E699DD32C3C9D1400E839DF /* Apptizers.app */,
			);
			name = Products;
			sourceTree = "<group>";
		};
		9E699DD52C3C9D1400E839DF /* Apptizers */ = {
			isa = PBXGroup;
			children = (
				9E699DFB2C3CDFA600E839DF /* Views */,
				9E699DFA2C3CDFA000E839DF /* Screens */,
				9E699DF92C3CDF9A00E839DF /* Utilities */,
				9E699DF82C3CDF9100E839DF /* Model */,
				9E699DD62C3C9D1400E839DF /* ApptizersApp.swift */,
				9E699DDA2C3C9D1500E839DF /* Assets.xcassets */,
				9E699DDC2C3C9D1500E839DF /* Preview Content */,
			);
			path = Apptizers;
			sourceTree = "<group>";
		};
		9E699DDC2C3C9D1500E839DF /* Preview Content */ = {
			isa = PBXGroup;
			children = (
				9E699DDD2C3C9D1500E839DF /* Preview Assets.xcassets */,
			);
			path = "Preview Content";
			sourceTree = "<group>";
		};
		9E699DF82C3CDF9100E839DF /* Model */ = {
			isa = PBXGroup;
			children = (
				9E699DEA2C3CA71100E839DF /* Apptizer.swift */,
				9E699E092C3CF4FB00E839DF /* User.swift */,
				9E699E0D2C3D019600E839DF /* Order.swift */,
			);
			path = Model;
			sourceTree = "<group>";
		};
		9E699DF92C3CDF9A00E839DF /* Utilities */ = {
			isa = PBXGroup;
			children = (
				9E699E062C3CF19600E839DF /* String */,
				9E699E012C3CE05E00E839DF /* Alert */,
				9E699E002C3CE05500E839DF /* Error */,
				9E699DFF2C3CE04A00E839DF /* Manager */,
			);
			path = Utilities;
			sourceTree = "<group>";
		};
		9E699DFA2C3CDFA000E839DF /* Screens */ = {
			isa = PBXGroup;
			children = (
				9E699DD82C3C9D1400E839DF /* ApptizerTabView.swift */,
				9E699DFE2C3CDFCC00E839DF /* OrderView */,
				9E699DFD2C3CDFC300E839DF /* AccountView */,
				9E699DFC2C3CDFB600E839DF /* ApptizerListView */,
			);
			path = Screens;
			sourceTree = "<group>";
		};
		9E699DFB2C3CDFA600E839DF /* Views */ = {
			isa = PBXGroup;
			children = (
				9E699DEC2C3CC35400E839DF /* ApptizerListItemView.swift */,
				9E699DF62C3CD8F400E839DF /* LoadingView.swift */,
				9E699E0B2C3CFEE800E839DF /* EmptyState.swift */,
			);
			path = Views;
			sourceTree = "<group>";
		};
		9E699DFC2C3CDFB600E839DF /* ApptizerListView */ = {
			isa = PBXGroup;
			children = (
				9E699DE42C3C9D8500E839DF /* ApptizerListView.swift */,
				9E699E022C3CE0C700E839DF /* ApptizerDetailView.swift */,
				9E699DF22C3CCFBF00E839DF /* ApptizerListViewModel.swift */,
			);
			path = ApptizerListView;
			sourceTree = "<group>";
		};
		9E699DFD2C3CDFC300E839DF /* AccountView */ = {
			isa = PBXGroup;
			children = (
				9E699DE62C3C9D9800E839DF /* AccountView.swift */,
				9E699E042C3CF02700E839DF /* AccountViewModel.swift */,
			);
			path = AccountView;
			sourceTree = "<group>";
		};
		9E699DFE2C3CDFCC00E839DF /* OrderView */ = {
			isa = PBXGroup;
			children = (
				9E699DE82C3C9DA300E839DF /* OrderView.swift */,
			);
			path = OrderView;
			sourceTree = "<group>";
		};
		9E699DFF2C3CE04A00E839DF /* Manager */ = {
			isa = PBXGroup;
			children = (
				9E699DEE2C3CC5AB00E839DF /* NetworkManager.swift */,
			);
			path = Manager;
			sourceTree = "<group>";
		};
		9E699E002C3CE05500E839DF /* Error */ = {
			isa = PBXGroup;
			children = (
				9E699DF02C3CC6C700E839DF /* APError.swift */,
			);
			path = Error;
			sourceTree = "<group>";
		};
		9E699E012C3CE05E00E839DF /* Alert */ = {
			isa = PBXGroup;
			children = (
				9E699DF42C3CD2C700E839DF /* Alert.swift */,
			);
			path = Alert;
			sourceTree = "<group>";
		};
		9E699E062C3CF19600E839DF /* String */ = {
			isa = PBXGroup;
			children = (
				9E699E072C3CF1A300E839DF /* String+Ext.swift */,
			);
			path = String;
			sourceTree = "<group>";
		};
/* End PBXGroup section */

/* Begin PBXNativeTarget section */
		9E699DD22C3C9D1400E839DF /* Apptizers */ = {
			isa = PBXNativeTarget;
			buildConfigurationList = 9E699DE12C3C9D1500E839DF /* Build configuration list for PBXNativeTarget "Apptizers" */;
			buildPhases = (
				9E699DCF2C3C9D1400E839DF /* Sources */,
				9E699DD02C3C9D1400E839DF /* Frameworks */,
				9E699DD12C3C9D1400E839DF /* Resources */,
			);
			buildRules = (
			);
			dependencies = (
			);
			name = Apptizers;
			productName = Apptizers;
			productReference = 9E699DD32C3C9D1400E839DF /* Apptizers.app */;
			productType = "com.apple.product-type.application";
		};
/* End PBXNativeTarget section */

/* Begin PBXProject section */
		9E699DCB2C3C9D1400E839DF /* Project object */ = {
			isa = PBXProject;
			attributes = {
				BuildIndependentTargetsInParallel = 1;
				LastSwiftUpdateCheck = 1540;
				LastUpgradeCheck = 1540;
				TargetAttributes = {
					9E699DD22C3C9D1400E839DF = {
						CreatedOnToolsVersion = 15.4;
					};
				};
			};
			buildConfigurationList = 9E699DCE2C3C9D1400E839DF /* Build configuration list for PBXProject "Apptizers" */;
			compatibilityVersion = "Xcode 14.0";
			developmentRegion = en;
			hasScannedForEncodings = 0;
			knownRegions = (
				en,
				Base,
			);
			mainGroup = 9E699DCA2C3C9D1400E839DF;
			productRefGroup = 9E699DD42C3C9D1400E839DF /* Products */;
			projectDirPath = "";
			projectRoot = "";
			targets = (
				9E699DD22C3C9D1400E839DF /* Apptizers */,
			);
		};
/* End PBXProject section */

/* Begin PBXResourcesBuildPhase section */
		9E699DD12C3C9D1400E839DF /* Resources */ = {
			isa = PBXResourcesBuildPhase;
			buildActionMask = 2147483647;
			files = (
				9E699DDE2C3C9D1500E839DF /* Preview Assets.xcassets in Resources */,
				9E699DDB2C3C9D1500E839DF /* Assets.xcassets in Resources */,
			);
			runOnlyForDeploymentPostprocessing = 0;
		};
/* End PBXResourcesBuildPhase section */

/* Begin PBXSourcesBuildPhase section */
		9E699DCF2C3C9D1400E839DF /* Sources */ = {
			isa = PBXSourcesBuildPhase;
			buildActionMask = 2147483647;
			files = (
				9E699DE72C3C9D9800E839DF /* AccountView.swift in Sources */,
				9E699DF32C3CCFBF00E839DF /* ApptizerListViewModel.swift in Sources */,
				9E699DF12C3CC6C700E839DF /* APError.swift in Sources */,
				9E699E0C2C3CFEE800E839DF /* EmptyState.swift in Sources */,
				9E699E082C3CF1A300E839DF /* String+Ext.swift in Sources */,
				9E699E0A2C3CF4FB00E839DF /* User.swift in Sources */,
				9E699DED2C3CC35400E839DF /* ApptizerListItemView.swift in Sources */,
				9E699DE52C3C9D8500E839DF /* ApptizerListView.swift in Sources */,
				9E699DF72C3CD8F400E839DF /* LoadingView.swift in Sources */,
				9E699DEB2C3CA71100E839DF /* Apptizer.swift in Sources */,
				9E699DEF2C3CC5AB00E839DF /* NetworkManager.swift in Sources */,
				9E699E052C3CF02700E839DF /* AccountViewModel.swift in Sources */,
				9E699E0E2C3D019600E839DF /* Order.swift in Sources */,
				9E699DD92C3C9D1400E839DF /* ApptizerTabView.swift in Sources */,
				9E699E032C3CE0C700E839DF /* ApptizerDetailView.swift in Sources */,
				9E699DF52C3CD2C700E839DF /* Alert.swift in Sources */,
				9E699DD72C3C9D1400E839DF /* ApptizersApp.swift in Sources */,
				9E699DE92C3C9DA300E839DF /* OrderView.swift in Sources */,
			);
			runOnlyForDeploymentPostprocessing = 0;
		};
/* End PBXSourcesBuildPhase section */

/* Begin XCBuildConfiguration section */
		9E699DDF2C3C9D1500E839DF /* Debug */ = {
			isa = XCBuildConfiguration;
			buildSettings = {
				ALWAYS_SEARCH_USER_PATHS = NO;
				ASSETCATALOG_COMPILER_GENERATE_SWIFT_ASSET_SYMBOL_EXTENSIONS = YES;
				CLANG_ANALYZER_NONNULL = YES;
				CLANG_ANALYZER_NUMBER_OBJECT_CONVERSION = YES_AGGRESSIVE;
				CLANG_CXX_LANGUAGE_STANDARD = "gnu++20";
				CLANG_ENABLE_MODULES = YES;
				CLANG_ENABLE_OBJC_ARC = YES;
				CLANG_ENABLE_OBJC_WEAK = YES;
				CLANG_WARN_BLOCK_CAPTURE_AUTORELEASING = YES;
				CLANG_WARN_BOOL_CONVERSION = YES;
				CLANG_WARN_COMMA = YES;
				CLANG_WARN_CONSTANT_CONVERSION = YES;
				CLANG_WARN_DEPRECATED_OBJC_IMPLEMENTATIONS = YES;
				CLANG_WARN_DIRECT_OBJC_ISA_USAGE = YES_ERROR;
				CLANG_WARN_DOCUMENTATION_COMMENTS = YES;
				CLANG_WARN_EMPTY_BODY = YES;
				CLANG_WARN_ENUM_CONVERSION = YES;
				CLANG_WARN_INFINITE_RECURSION = YES;
				CLANG_WARN_INT_CONVERSION = YES;
				CLANG_WARN_NON_LITERAL_NULL_CONVERSION = YES;
				CLANG_WARN_OBJC_IMPLICIT_RETAIN_SELF = YES;
				CLANG_WARN_OBJC_LITERAL_CONVERSION = YES;
				CLANG_WARN_OBJC_ROOT_CLASS = YES_ERROR;
				CLANG_WARN_QUOTED_INCLUDE_IN_FRAMEWORK_HEADER = YES;
				CLANG_WARN_RANGE_LOOP_ANALYSIS = YES;
				CLANG_WARN_STRICT_PROTOTYPES = YES;
				CLANG_WARN_SUSPICIOUS_MOVE = YES;
				CLANG_WARN_UNGUARDED_AVAILABILITY = YES_AGGRESSIVE;
				CLANG_WARN_UNREACHABLE_CODE = YES;
				CLANG_WARN__DUPLICATE_METHOD_MATCH = YES;
				COPY_PHASE_STRIP = NO;
				DEBUG_INFORMATION_FORMAT = dwarf;
				ENABLE_STRICT_OBJC_MSGSEND = YES;
				ENABLE_TESTABILITY = YES;
				ENABLE_USER_SCRIPT_SANDBOXING = YES;
				GCC_C_LANGUAGE_STANDARD = gnu17;
				GCC_DYNAMIC_NO_PIC = NO;
				GCC_NO_COMMON_BLOCKS = YES;
				GCC_OPTIMIZATION_LEVEL = 0;
				GCC_PREPROCESSOR_DEFINITIONS = (
					"DEBUG=1",
					"$(inherited)",
				);
				GCC_WARN_64_TO_32_BIT_CONVERSION = YES;
				GCC_WARN_ABOUT_RETURN_TYPE = YES_ERROR;
				GCC_WARN_UNDECLARED_SELECTOR = YES;
				GCC_WARN_UNINITIALIZED_AUTOS = YES_AGGRESSIVE;
				GCC_WARN_UNUSED_FUNCTION = YES;
				GCC_WARN_UNUSED_VARIABLE = YES;
				IPHONEOS_DEPLOYMENT_TARGET = 17.5;
				LOCALIZATION_PREFERS_STRING_CATALOGS = YES;
				MTL_ENABLE_DEBUG_INFO = INCLUDE_SOURCE;
				MTL_FAST_MATH = YES;
				ONLY_ACTIVE_ARCH = YES;
				SDKROOT = iphoneos;
				SWIFT_ACTIVE_COMPILATION_CONDITIONS = "DEBUG $(inherited)";
				SWIFT_OPTIMIZATION_LEVEL = "-Onone";
			};
			name = Debug;
		};
		9E699DE02C3C9D1500E839DF /* Release */ = {
			isa = XCBuildConfiguration;
			buildSettings = {
				ALWAYS_SEARCH_USER_PATHS = NO;
				ASSETCATALOG_COMPILER_GENERATE_SWIFT_ASSET_SYMBOL_EXTENSIONS = YES;
				CLANG_ANALYZER_NONNULL = YES;
				CLANG_ANALYZER_NUMBER_OBJECT_CONVERSION = YES_AGGRESSIVE;
				CLANG_CXX_LANGUAGE_STANDARD = "gnu++20";
				CLANG_ENABLE_MODULES = YES;
				CLANG_ENABLE_OBJC_ARC = YES;
				CLANG_ENABLE_OBJC_WEAK = YES;
				CLANG_WARN_BLOCK_CAPTURE_AUTORELEASING = YES;
				CLANG_WARN_BOOL_CONVERSION = YES;
				CLANG_WARN_COMMA = YES;
				CLANG_WARN_CONSTANT_CONVERSION = YES;
				CLANG_WARN_DEPRECATED_OBJC_IMPLEMENTATIONS = YES;
				CLANG_WARN_DIRECT_OBJC_ISA_USAGE = YES_ERROR;
				CLANG_WARN_DOCUMENTATION_COMMENTS = YES;
				CLANG_WARN_EMPTY_BODY = YES;
				CLANG_WARN_ENUM_CONVERSION = YES;
				CLANG_WARN_INFINITE_RECURSION = YES;
				CLANG_WARN_INT_CONVERSION = YES;
				CLANG_WARN_NON_LITERAL_NULL_CONVERSION = YES;
				CLANG_WARN_OBJC_IMPLICIT_RETAIN_SELF = YES;
				CLANG_WARN_OBJC_LITERAL_CONVERSION = YES;
				CLANG_WARN_OBJC_ROOT_CLASS = YES_ERROR;
				CLANG_WARN_QUOTED_INCLUDE_IN_FRAMEWORK_HEADER = YES;
				CLANG_WARN_RANGE_LOOP_ANALYSIS = YES;
				CLANG_WARN_STRICT_PROTOTYPES = YES;
				CLANG_WARN_SUSPICIOUS_MOVE = YES;
				CLANG_WARN_UNGUARDED_AVAILABILITY = YES_AGGRESSIVE;
				CLANG_WARN_UNREACHABLE_CODE = YES;
				CLANG_WARN__DUPLICATE_METHOD_MATCH = YES;
				COPY_PHASE_STRIP = NO;
				DEBUG_INFORMATION_FORMAT = "dwarf-with-dsym";
				ENABLE_NS_ASSERTIONS = NO;
				ENABLE_STRICT_OBJC_MSGSEND = YES;
				ENABLE_USER_SCRIPT_SANDBOXING = YES;
				GCC_C_LANGUAGE_STANDARD = gnu17;
				GCC_NO_COMMON_BLOCKS = YES;
				GCC_WARN_64_TO_32_BIT_CONVERSION = YES;
				GCC_WARN_ABOUT_RETURN_TYPE = YES_ERROR;
				GCC_WARN_UNDECLARED_SELECTOR = YES;
				GCC_WARN_UNINITIALIZED_AUTOS = YES_AGGRESSIVE;
				GCC_WARN_UNUSED_FUNCTION = YES;
				GCC_WARN_UNUSED_VARIABLE = YES;
				IPHONEOS_DEPLOYMENT_TARGET = 17.5;
				LOCALIZATION_PREFERS_STRING_CATALOGS = YES;
				MTL_ENABLE_DEBUG_INFO = NO;
				MTL_FAST_MATH = YES;
				SDKROOT = iphoneos;
				SWIFT_COMPILATION_MODE = wholemodule;
				VALIDATE_PRODUCT = YES;
			};
			name = Release;
		};
		9E699DE22C3C9D1500E839DF /* Debug */ = {
			isa = XCBuildConfiguration;
			buildSettings = {
				ASSETCATALOG_COMPILER_APPICON_NAME = AppIcon;
				ASSETCATALOG_COMPILER_GLOBAL_ACCENT_COLOR_NAME = AccentColor;
				CODE_SIGN_STYLE = Automatic;
				CURRENT_PROJECT_VERSION = 1;
				DEVELOPMENT_ASSET_PATHS = "\"Apptizers/Preview Content\"";
				DEVELOPMENT_TEAM = LTW8V26RS8;
				ENABLE_PREVIEWS = YES;
				GENERATE_INFOPLIST_FILE = YES;
				INFOPLIST_KEY_UIApplicationSceneManifest_Generation = YES;
				INFOPLIST_KEY_UIApplicationSupportsIndirectInputEvents = YES;
				INFOPLIST_KEY_UILaunchScreen_Generation = YES;
				INFOPLIST_KEY_UISupportedInterfaceOrientations_iPad = "UIInterfaceOrientationPortrait UIInterfaceOrientationPortraitUpsideDown UIInterfaceOrientationLandscapeLeft UIInterfaceOrientationLandscapeRight";
				INFOPLIST_KEY_UISupportedInterfaceOrientations_iPhone = "UIInterfaceOrientationPortrait UIInterfaceOrientationLandscapeLeft UIInterfaceOrientationLandscapeRight";
				LD_RUNPATH_SEARCH_PATHS = (
					"$(inherited)",
					"@executable_path/Frameworks",
				);
				MARKETING_VERSION = 1.0;
				PRODUCT_BUNDLE_IDENTIFIER = com.tauantcamargo.Apptizers;
				PRODUCT_NAME = "$(TARGET_NAME)";
				SWIFT_EMIT_LOC_STRINGS = YES;
				SWIFT_VERSION = 5.0;
				TARGETED_DEVICE_FAMILY = "1,2";
			};
			name = Debug;
		};
		9E699DE32C3C9D1500E839DF /* Release */ = {
			isa = XCBuildConfiguration;
			buildSettings = {
				ASSETCATALOG_COMPILER_APPICON_NAME = AppIcon;
				ASSETCATALOG_COMPILER_GLOBAL_ACCENT_COLOR_NAME = AccentColor;
				CODE_SIGN_STYLE = Automatic;
				CURRENT_PROJECT_VERSION = 1;
				DEVELOPMENT_ASSET_PATHS = "\"Apptizers/Preview Content\"";
				DEVELOPMENT_TEAM = LTW8V26RS8;
				ENABLE_PREVIEWS = YES;
				GENERATE_INFOPLIST_FILE = YES;
				INFOPLIST_KEY_UIApplicationSceneManifest_Generation = YES;
				INFOPLIST_KEY_UIApplicationSupportsIndirectInputEvents = YES;
				INFOPLIST_KEY_UILaunchScreen_Generation = YES;
				INFOPLIST_KEY_UISupportedInterfaceOrientations_iPad = "UIInterfaceOrientationPortrait UIInterfaceOrientationPortraitUpsideDown UIInterfaceOrientationLandscapeLeft UIInterfaceOrientationLandscapeRight";
				INFOPLIST_KEY_UISupportedInterfaceOrientations_iPhone = "UIInterfaceOrientationPortrait UIInterfaceOrientationLandscapeLeft UIInterfaceOrientationLandscapeRight";
				LD_RUNPATH_SEARCH_PATHS = (
					"$(inherited)",
					"@executable_path/Frameworks",
				);
				MARKETING_VERSION = 1.0;
				PRODUCT_BUNDLE_IDENTIFIER = com.tauantcamargo.Apptizers;
				PRODUCT_NAME = "$(TARGET_NAME)";
				SWIFT_EMIT_LOC_STRINGS = YES;
				SWIFT_VERSION = 5.0;
				TARGETED_DEVICE_FAMILY = "1,2";
			};
			name = Release;
		};
/* End XCBuildConfiguration section */

/* Begin XCConfigurationList section */
		9E699DCE2C3C9D1400E839DF /* Build configuration list for PBXProject "Apptizers" */ = {
			isa = XCConfigurationList;
			buildConfigurations = (
				9E699DDF2C3C9D1500E839DF /* Debug */,
				9E699DE02C3C9D1500E839DF /* Release */,
			);
			defaultConfigurationIsVisible = 0;
			defaultConfigurationName = Release;
		};
		9E699DE12C3C9D1500E839DF /* Build configuration list for PBXNativeTarget "Apptizers" */ = {
			isa = XCConfigurationList;
			buildConfigurations = (
				9E699DE22C3C9D1500E839DF /* Debug */,
				9E699DE32C3C9D1500E839DF /* Release */,
			);
			defaultConfigurationIsVisible = 0;
			defaultConfigurationName = Release;
		};
/* End XCConfigurationList section */
	};
	rootObject = 9E699DCB2C3C9D1400E839DF /* Project object */;
}
